
Microsoft Visual Studio Solution File, Format Version 12.00
# Visual Studio Version 16
VisualStudioVersion = 16.0.30320.27
MinimumVisualStudioVersion = 10.0.40219.1
Project("{FAE04EC0-301F-11D3-BF4B-00C04F79EFBC}") = "PassParameterExample", "PassParameterExample\PassParameterExample.csproj", "{711D61CB-3767-4134-A3A0-0E00D04C7B7E}"
EndProject
Global
	GlobalSection(SolutionConfigurationPlatforms) = preSolution
		Debug|Any CPU = Debug|Any CPU
		Release|Any CPU = Release|Any CPU
	EndGlobalSection
	GlobalSection(ProjectConfigurationPlatforms) = postSolution
		{711D61CB-3767-4134-A3A0-0E00D04C7B7E}.Debug|Any CPU.ActiveCfg = Debug|Any CPU
		{711D61CB-3767-4134-A3A0-0E00D04C7B7E}.Debug|Any CPU.Build.0 = Debug|Any CPU
		{711D61CB-3767-4134-A3A0-0E00D04C7B7E}.Release|Any CPU.ActiveCfg = Release|Any CPU
		{711D61CB-3767-4134-A3A0-0E00D04C7B7E}.Release|Any CPU.Build.0 = Release|Any CPU
	EndGlobalSection
	GlobalSection(SolutionProperties) = preSolution
		HideSolutionNode = FALSE
	EndGlobalSection
	GlobalSection(ExtensibilityGlobals) = postSolution
		SolutionGuid = {DD472DD2-0D29-4F3E-801E-9DC355F10175}
	EndGlobalSection
EndGlobal
